
Microsoft Visual Studio Solution File, Format Version 12.00
# Visual Studio Version 16
VisualStudioVersion = 16.0.31402.337
MinimumVisualStudioVersion = 10.0.40219.1
Project("{FAE04EC0-301F-11D3-BF4B-00C04F79EFBC}") = "ApiVentas", "ApiVentas.csproj", "{56D41354-79C9-4073-9C3F-2F6B5367C5A0}"
EndProject
Global
	GlobalSection(SolutionConfigurationPlatforms) = preSolution
		Debug|Any CPU = Debug|Any CPU
		Release|Any CPU = Release|Any CPU
	EndGlobalSection
	GlobalSection(ProjectConfigurationPlatforms) = postSolution
		{56D41354-79C9-4073-9C3F-2F6B5367C5A0}.Debug|Any CPU.ActiveCfg = Debug|Any CPU
		{56D41354-79C9-4073-9C3F-2F6B5367C5A0}.Debug|Any CPU.Build.0 = Debug|Any CPU
		{56D41354-79C9-4073-9C3F-2F6B5367C5A0}.Release|Any CPU.ActiveCfg = Release|Any CPU
		{56D41354-79C9-4073-9C3F-2F6B5367C5A0}.Release|Any CPU.Build.0 = Release|Any CPU
	EndGlobalSection
	GlobalSection(SolutionProperties) = preSolution
		HideSolutionNode = FALSE
	EndGlobalSection
	GlobalSection(ExtensibilityGlobals) = postSolution
		SolutionGuid = {D21F5AC1-2AAD-4339-BFD9-5886C84C8A6C}
	EndGlobalSection
EndGlobal
